
Microsoft Visual Studio Solution File, Format Version 12.00
# Visual Studio Version 17
VisualStudioVersion = 17.7.34003.232
MinimumVisualStudioVersion = 10.0.40219.1
Project("{9A19103F-16F7-4668-BE54-9A1E7A4F7556}") = "WatiInterviewTest.Api", "WatiInterviewTest.Api\WatiInterviewTest.Api.csproj", "{D6E5063D-9956-4701-B3F0-908185DC297D}"
EndProject
Project("{9A19103F-16F7-4668-BE54-9A1E7A4F7556}") = "WatiInterviewTest.Service", "WatiInterviewTest.Service\WatiInterviewTest.Service.csproj", "{96B4EF98-78A9-4E55-8CF3-74C54E5F35F5}"
EndProject
Project("{9A19103F-16F7-4668-BE54-9A1E7A4F7556}") = "WatiInterviewTest.Model", "WatiInterviewTest.Model\WatiInterviewTest.Model.csproj", "{860C677C-725C-4386-A187-E806D7F60AA4}"
EndProject
Project("{9A19103F-16F7-4668-BE54-9A1E7A4F7556}") = "WatiInterviewTest.xUnitTest", "WatiInterviewTest.xUnitTest\WatiInterviewTest.xUnitTest.csproj", "{01E7EF66-4051-4681-B45B-B481F3A9791D}"
EndProject
Project("{9A19103F-16F7-4668-BE54-9A1E7A4F7556}") = "WatiInterviewTest.Context", "WatiInterviewTest.Context\WatiInterviewTest.Context.csproj", "{A0C42693-3B44-40B2-84A3-5D904F385CD1}"
EndProject
Project("{FAE04EC0-301F-11D3-BF4B-00C04F79EFBC}") = "WatiInterviewTest.Web", "WatiInterviewTest.Web\WatiInterviewTest.Web.csproj", "{B6A03283-FE7D-40F1-88DC-0C9DBDA63532}"
EndProject
Global
	GlobalSection(SolutionConfigurationPlatforms) = preSolution
		Debug|Any CPU = Debug|Any CPU
		Release|Any CPU = Release|Any CPU
	EndGlobalSection
	GlobalSection(ProjectConfigurationPlatforms) = postSolution
		{D6E5063D-9956-4701-B3F0-908185DC297D}.Debug|Any CPU.ActiveCfg = Debug|Any CPU
		{D6E5063D-9956-4701-B3F0-908185DC297D}.Debug|Any CPU.Build.0 = Debug|Any CPU
		{D6E5063D-9956-4701-B3F0-908185DC297D}.Release|Any CPU.ActiveCfg = Release|Any CPU
		{D6E5063D-9956-4701-B3F0-908185DC297D}.Release|Any CPU.Build.0 = Release|Any CPU
		{96B4EF98-78A9-4E55-8CF3-74C54E5F35F5}.Debug|Any CPU.ActiveCfg = Debug|Any CPU
		{96B4EF98-78A9-4E55-8CF3-74C54E5F35F5}.Debug|Any CPU.Build.0 = Debug|Any CPU
		{96B4EF98-78A9-4E55-8CF3-74C54E5F35F5}.Release|Any CPU.ActiveCfg = Release|Any CPU
		{96B4EF98-78A9-4E55-8CF3-74C54E5F35F5}.Release|Any CPU.Build.0 = Release|Any CPU
		{860C677C-725C-4386-A187-E806D7F60AA4}.Debug|Any CPU.ActiveCfg = Debug|Any CPU
		{860C677C-725C-4386-A187-E806D7F60AA4}.Debug|Any CPU.Build.0 = Debug|Any CPU
		{860C677C-725C-4386-A187-E806D7F60AA4}.Release|Any CPU.ActiveCfg = Release|Any CPU
		{860C677C-725C-4386-A187-E806D7F60AA4}.Release|Any CPU.Build.0 = Release|Any CPU
		{01E7EF66-4051-4681-B45B-B481F3A9791D}.Debug|Any CPU.ActiveCfg = Debug|Any CPU
		{01E7EF66-4051-4681-B45B-B481F3A9791D}.Debug|Any CPU.Build.0 = Debug|Any CPU
		{01E7EF66-4051-4681-B45B-B481F3A9791D}.Release|Any CPU.ActiveCfg = Release|Any CPU
		{01E7EF66-4051-4681-B45B-B481F3A9791D}.Release|Any CPU.Build.0 = Release|Any CPU
		{A0C42693-3B44-40B2-84A3-5D904F385CD1}.Debug|Any CPU.ActiveCfg = Debug|Any CPU
		{A0C42693-3B44-40B2-84A3-5D904F385CD1}.Debug|Any CPU.Build.0 = Debug|Any CPU
		{A0C42693-3B44-40B2-84A3-5D904F385CD1}.Release|Any CPU.ActiveCfg = Release|Any CPU
		{A0C42693-3B44-40B2-84A3-5D904F385CD1}.Release|Any CPU.Build.0 = Release|Any CPU
		{B6A03283-FE7D-40F1-88DC-0C9DBDA63532}.Debug|Any CPU.ActiveCfg = Debug|Any CPU
		{B6A03283-FE7D-40F1-88DC-0C9DBDA63532}.Debug|Any CPU.Build.0 = Debug|Any CPU
		{B6A03283-FE7D-40F1-88DC-0C9DBDA63532}.Release|Any CPU.ActiveCfg = Release|Any CPU
		{B6A03283-FE7D-40F1-88DC-0C9DBDA63532}.Release|Any CPU.Build.0 = Release|Any CPU
	EndGlobalSection
	GlobalSection(SolutionProperties) = preSolution
		HideSolutionNode = FALSE
	EndGlobalSection
	GlobalSection(ExtensibilityGlobals) = postSolution
		SolutionGuid = {4E7FEFE9-03C4-4FDE-BC28-D9D2402A4EC2}
	EndGlobalSection
EndGlobal
